
Microsoft Visual Studio Solution File, Format Version 12.00
# Visual Studio Version 16
VisualStudioVersion = 16.0.30503.244
MinimumVisualStudioVersion = 10.0.40219.1
Project("{FAE04EC0-301F-11D3-BF4B-00C04F79EFBC}") = "BeerApi", "BeerApi\BeerApi.csproj", "{BAF00DB6-3E6B-420F-93A6-349D50E2BC26}"
EndProject
Global
	GlobalSection(SolutionConfigurationPlatforms) = preSolution
		Debug|Any CPU = Debug|Any CPU
		Release|Any CPU = Release|Any CPU
	EndGlobalSection
	GlobalSection(ProjectConfigurationPlatforms) = postSolution
		{BAF00DB6-3E6B-420F-93A6-349D50E2BC26}.Debug|Any CPU.ActiveCfg = Debug|Any CPU
		{BAF00DB6-3E6B-420F-93A6-349D50E2BC26}.Debug|Any CPU.Build.0 = Debug|Any CPU
		{BAF00DB6-3E6B-420F-93A6-349D50E2BC26}.Release|Any CPU.ActiveCfg = Release|Any CPU
		{BAF00DB6-3E6B-420F-93A6-349D50E2BC26}.Release|Any CPU.Build.0 = Release|Any CPU
	EndGlobalSection
	GlobalSection(SolutionProperties) = preSolution
		HideSolutionNode = FALSE
	EndGlobalSection
	GlobalSection(ExtensibilityGlobals) = postSolution
		SolutionGuid = {55AE24BD-386D-4DB5-B178-FE5E96005B3F}
	EndGlobalSection
EndGlobal
